// !$*UTF8*$!
{
	archiveVersion = 1;
	classes = {
	};
	objectVersion = 46;
	objects = {

/* Begin PBXBuildFile section */
		4EF05B571C5F48B900027040 /* AppDelegate.swift in Sources */ = {isa = PBXBuildFile; fileRef = 4EF05B561C5F48B900027040 /* AppDelegate.swift */; };
		4EF05B591C5F48B900027040 /* ViewController.swift in Sources */ = {isa = PBXBuildFile; fileRef = 4EF05B581C5F48B900027040 /* ViewController.swift */; };
		4EF05B5C1C5F48B900027040 /* Main.storyboard in Resources */ = {isa = PBXBuildFile; fileRef = 4EF05B5A1C5F48B900027040 /* Main.storyboard */; };
		4EF05B5E1C5F48B900027040 /* Assets.xcassets in Resources */ = {isa = PBXBuildFile; fileRef = 4EF05B5D1C5F48B900027040 /* Assets.xcassets */; };
		4EF05B611C5F48B900027040 /* LaunchScreen.storyboard in Resources */ = {isa = PBXBuildFile; fileRef = 4EF05B5F1C5F48B900027040 /* LaunchScreen.storyboard */; };
		4EF05B691C5F50CA00027040 /* RadialProgressIndicatorView.swift in Sources */ = {isa = PBXBuildFile; fileRef = 4EF05B681C5F50CA00027040 /* RadialProgressIndicatorView.swift */; };
/* End PBXBuildFile section */

/* Begin PBXFileReference section */
		4EF05B531C5F48B900027040 /* RadialActivityIndicator.app */ = {isa = PBXFileReference; explicitFileType = wrapper.application; includeInIndex = 0; path = RadialActivityIndicator.app; sourceTree = BUILT_PRODUCTS_DIR; };
		4EF05B561C5F48B900027040 /* AppDelegate.swift */ = {isa = PBXFileReference; lastKnownFileType = sourcecode.swift; path = AppDelegate.swift; sourceTree = "<group>"; };
		4EF05B581C5F48B900027040 /* ViewController.swift */ = {isa = PBXFileReference; lastKnownFileType = sourcecode.swift; path = ViewController.swift; sourceTree = "<group>"; };
		4EF05B5B1C5F48B900027040 /* Base */ = {isa = PBXFileReference; lastKnownFileType = file.storyboard; name = Base; path = Base.lproj/Main.storyboard; sourceTree = "<group>"; };
		4EF05B5D1C5F48B900027040 /* Assets.xcassets */ = {isa = PBXFileReference; lastKnownFileType = folder.assetcatalog; path = Assets.xcassets; sourceTree = "<group>"; };
		4EF05B601C5F48B900027040 /* Base */ = {isa = PBXFileReference; lastKnownFileType = file.storyboard; name = Base; path = Base.lproj/LaunchScreen.storyboard; sourceTree = "<group>"; };
		4EF05B621C5F48B900027040 /* Info.plist */ = {isa = PBXFileReference; lastKnownFileType = text.plist.xml; path = Info.plist; sourceTree = "<group>"; };
		4EF05B681C5F50CA00027040 /* RadialProgressIndicatorView.swift */ = {isa = PBXFileReference; fileEncoding = 4; lastKnownFileType = sourcecode.swift; path = RadialProgressIndicatorView.swift; sourceTree = "<group>"; };
/* End PBXFileReference section */

/* Begin PBXFrameworksBuildPhase section */
		4EF05B501C5F48B900027040 /* Frameworks */ = {
			isa = PBXFrameworksBuildPhase;
			buildActionMask = 2147483647;
			files = (
			);
			runOnlyForDeploymentPostprocessing = 0;
		};
/* End PBXFrameworksBuildPhase section */

/* Begin PBXGroup section */
		4EF05B4A1C5F48B900027040 = {
			isa = PBXGroup;
			children = (
				4EF05B551C5F48B900027040 /* RadialActivityIndicator */,
				4EF05B541C5F48B900027040 /* Products */,
			);
			sourceTree = "<group>";
		};
		4EF05B541C5F48B900027040 /* Products */ = {
			isa = PBXGroup;
			children = (
				4EF05B531C5F48B900027040 /* RadialActivityIndicator.app */,
			);
			name = Products;
			sourceTree = "<group>";
		};
		4EF05B551C5F48B900027040 /* RadialActivityIndicator */ = {
			isa = PBXGroup;
			children = (
				4EF05B561C5F48B900027040 /* AppDelegate.swift */,
				4EF05B581C5F48B900027040 /* ViewController.swift */,
				4EF05B5A1C5F48B900027040 /* Main.storyboard */,
				4EF05B5D1C5F48B900027040 /* Assets.xcassets */,
				4EF05B5F1C5F48B900027040 /* LaunchScreen.storyboard */,
				4EF05B621C5F48B900027040 /* Info.plist */,
				4EF05B681C5F50CA00027040 /* RadialProgressIndicatorView.swift */,
			);
			path = RadialActivityIndicator;
			sourceTree = "<group>";
		};
/* End PBXGroup section */

/* Begin PBXNativeTarget section */
		4EF05B521C5F48B900027040 /* RadialActivityIndicator */ = {
			isa = PBXNativeTarget;
			buildConfigurationList = 4EF05B651C5F48B900027040 /* Build configuration list for PBXNativeTarget "RadialActivityIndicator" */;
			buildPhases = (
				4EF05B4F1C5F48B900027040 /* Sources */,
				4EF05B501C5F48B900027040 /* Frameworks */,
				4EF05B511C5F48B900027040 /* Resources */,
			);
			buildRules = (
			);
			dependencies = (
			);
			name = RadialActivityIndicator;
			productName = RadialActivityIndicator;
			productReference = 4EF05B531C5F48B900027040 /* RadialActivityIndicator.app */;
			productType = "com.apple.product-type.application";
		};
/* End PBXNativeTarget section */

/* Begin PBXProject section */
		4EF05B4B1C5F48B900027040 /* Project object */ = {
			isa = PBXProject;
			attributes = {
				LastSwiftUpdateCheck = 0720;
				LastUpgradeCheck = 0720;
				ORGANIZATIONNAME = "Vladimir Milichenko";
				TargetAttributes = {
					4EF05B521C5F48B900027040 = {
						CreatedOnToolsVersion = 7.2;
					};
				};
			};
			buildConfigurationList = 4EF05B4E1C5F48B900027040 /* Build configuration list for PBXProject "RadialActivityIndicator" */;
			compatibilityVersion = "Xcode 3.2";
			developmentRegion = English;
			hasScannedForEncodings = 0;
			knownRegions = (
				en,
				Base,
			);
			mainGroup = 4EF05B4A1C5F48B900027040;
			productRefGroup = 4EF05B541C5F48B900027040 /* Products */;
			projectDirPath = "";
			projectRoot = "";
			targets = (
				4EF05B521C5F48B900027040 /* RadialActivityIndicator */,
			);
		};
/* End PBXProject section */

/* Begin PBXResourcesBuildPhase section */
		4EF05B511C5F48B900027040 /* Resources */ = {
			isa = PBXResourcesBuildPhase;
			buildActionMask = 2147483647;
			files = (
				4EF05B611C5F48B900027040 /* LaunchScreen.storyboard in Resources */,
				4EF05B5E1C5F48B900027040 /* Assets.xcassets in Resources */,
				4EF05B5C1C5F48B900027040 /* Main.storyboard in Resources */,
			);
			runOnlyForDeploymentPostprocessing = 0;
		};
/* End PBXResourcesBuildPhase section */

/* Begin PBXSourcesBuildPhase section */
		4EF05B4F1C5F48B900027040 /* Sources */ = {
			isa = PBXSourcesBuildPhase;
			buildActionMask = 2147483647;
			files = (
				4EF05B691C5F50CA00027040 /* RadialProgressIndicatorView.swift in Sources */,
				4EF05B591C5F48B900027040 /* ViewController.swift in Sources */,
				4EF05B571C5F48B900027040 /* AppDelegate.swift in Sources */,
			);
			runOnlyForDeploymentPostprocessing = 0;
		};
/* End PBXSourcesBuildPhase section */

/* Begin PBXVariantGroup section */
		4EF05B5A1C5F48B900027040 /* Main.storyboard */ = {
			isa = PBXVariantGroup;
			children = (
				4EF05B5B1C5F48B900027040 /* Base */,
			);
			name = Main.storyboard;
			sourceTree = "<group>";
		};
		4EF05B5F1C5F48B900027040 /* LaunchScreen.storyboard */ = {
			isa = PBXVariantGroup;
			children = (
				4EF05B601C5F48B900027040 /* Base */,
			);
			name = LaunchScreen.storyboard;
			sourceTree = "<group>";
		};
/* End PBXVariantGroup section */

/* Begin XCBuildConfiguration section */
		4EF05B631C5F48B900027040 /* Debug */ = {
			isa = XCBuildConfiguration;
			buildSettings = {
				ALWAYS_SEARCH_USER_PATHS = NO;
				CLANG_CXX_LANGUAGE_STANDARD = "gnu++0x";
				CLANG_CXX_LIBRARY = "libc++";
				CLANG_ENABLE_MODULES = YES;
				CLANG_ENABLE_OBJC_ARC = YES;
				CLANG_WARN_BOOL_CONVERSION = YES;
				CLANG_WARN_CONSTANT_CONVERSION = YES;
				CLANG_WARN_DIRECT_OBJC_ISA_USAGE = YES_ERROR;
				CLANG_WARN_EMPTY_BODY = YES;
				CLANG_WARN_ENUM_CONVERSION = YES;
				CLANG_WARN_INT_CONVERSION = YES;
				CLANG_WARN_OBJC_ROOT_CLASS = YES_ERROR;
				CLANG_WARN_UNREACHABLE_CODE = YES;
				CLANG_WARN__DUPLICATE_METHOD_MATCH = YES;
				"CODE_SIGN_IDENTITY[sdk=iphoneos*]" = "iPhone Developer";
				COPY_PHASE_STRIP = NO;
				DEBUG_INFORMATION_FORMAT = dwarf;
				ENABLE_STRICT_OBJC_MSGSEND = YES;
				ENABLE_TESTABILITY = YES;
				GCC_C_LANGUAGE_STANDARD = gnu99;
				GCC_DYNAMIC_NO_PIC = NO;
				GCC_NO_COMMON_BLOCKS = YES;
				GCC_OPTIMIZATION_LEVEL = 0;
				GCC_PREPROCESSOR_DEFINITIONS = (
					"DEBUG=1",
					"$(inherited)",
				);
				GCC_WARN_64_TO_32_BIT_CONVERSION = YES;
				GCC_WARN_ABOUT_RETURN_TYPE = YES_ERROR;
				GCC_WARN_UNDECLARED_SELECTOR = YES;
				GCC_WARN_UNINITIALIZED_AUTOS = YES_AGGRESSIVE;
				GCC_WARN_UNUSED_FUNCTION = YES;
				GCC_WARN_UNUSED_VARIABLE = YES;
				IPHONEOS_DEPLOYMENT_TARGET = 8.0;
				MTL_ENABLE_DEBUG_INFO = YES;
				ONLY_ACTIVE_ARCH = YES;
				SDKROOT = iphoneos;
				SWIFT_OPTIMIZATION_LEVEL = "-Onone";
			};
			name = Debug;
		};
		4EF05B641C5F48B900027040 /* Release */ = {
			isa = XCBuildConfiguration;
			buildSettings = {
				ALWAYS_SEARCH_USER_PATHS = NO;
				CLANG_CXX_LANGUAGE_STANDARD = "gnu++0x";
				CLANG_CXX_LIBRARY = "libc++";
				CLANG_ENABLE_MODULES = YES;
				CLANG_ENABLE_OBJC_ARC = YES;
				CLANG_WARN_BOOL_CONVERSION = YES;
				CLANG_WARN_CONSTANT_CONVERSION = YES;
				CLANG_WARN_DIRECT_OBJC_ISA_USAGE = YES_ERROR;
				CLANG_WARN_EMPTY_BODY = YES;
				CLANG_WARN_ENUM_CONVERSION = YES;
				CLANG_WARN_INT_CONVERSION = YES;
				CLANG_WARN_OBJC_ROOT_CLASS = YES_ERROR;
				CLANG_WARN_UNREACHABLE_CODE = YES;
				CLANG_WARN__DUPLICATE_METHOD_MATCH = YES;
				"CODE_SIGN_IDENTITY[sdk=iphoneos*]" = "iPhone Developer";
				COPY_PHASE_STRIP = NO;
				DEBUG_INFORMATION_FORMAT = "dwarf-with-dsym";
				ENABLE_NS_ASSERTIONS = NO;
				ENABLE_STRICT_OBJC_MSGSEND = YES;
				GCC_C_LANGUAGE_STANDARD = gnu99;
				GCC_NO_COMMON_BLOCKS = YES;
				GCC_WARN_64_TO_32_BIT_CONVERSION = YES;
				GCC_WARN_ABOUT_RETURN_TYPE = YES_ERROR;
				GCC_WARN_UNDECLARED_SELECTOR = YES;
				GCC_WARN_UNINITIALIZED_AUTOS = YES_AGGRESSIVE;
				GCC_WARN_UNUSED_FUNCTION = YES;
				GCC_WARN_UNUSED_VARIABLE = YES;
				IPHONEOS_DEPLOYMENT_TARGET = 8.0;
				MTL_ENABLE_DEBUG_INFO = NO;
				SDKROOT = iphoneos;
				VALIDATE_PRODUCT = YES;
			};
			name = Release;
		};
		4EF05B661C5F48B900027040 /* Debug */ = {
			isa = XCBuildConfiguration;
			buildSettings = {
				ASSETCATALOG_COMPILER_APPICON_NAME = AppIcon;
				INFOPLIST_FILE = RadialActivityIndicator/Info.plist;
				LD_RUNPATH_SEARCH_PATHS = "$(inherited) @executable_path/Frameworks";
				PRODUCT_BUNDLE_IDENTIFIER = com.vladimirmilichenko.RadialActivityIndicator;
				PRODUCT_NAME = "$(TARGET_NAME)";
			};
			name = Debug;
		};
		4EF05B671C5F48B900027040 /* Release */ = {
			isa = XCBuildConfiguration;
			buildSettings = {
				ASSETCATALOG_COMPILER_APPICON_NAME = AppIcon;
				INFOPLIST_FILE = RadialActivityIndicator/Info.plist;
				LD_RUNPATH_SEARCH_PATHS = "$(inherited) @executable_path/Frameworks";
				PRODUCT_BUNDLE_IDENTIFIER = com.vladimirmilichenko.RadialActivityIndicator;
				PRODUCT_NAME = "$(TARGET_NAME)";
			};
			name = Release;
		};
/* End XCBuildConfiguration section */

/* Begin XCConfigurationList section */
		4EF05B4E1C5F48B900027040 /* Build configuration list for PBXProject "RadialActivityIndicator" */ = {
			isa = XCConfigurationList;
			buildConfigurations = (
				4EF05B631C5F48B900027040 /* Debug */,
				4EF05B641C5F48B900027040 /* Release */,
			);
			defaultConfigurationIsVisible = 0;
			defaultConfigurationName = Release;
		};
		4EF05B651C5F48B900027040 /* Build configuration list for PBXNativeTarget "RadialActivityIndicator" */ = {
			isa = XCConfigurationList;
			buildConfigurations = (
				4EF05B661C5F48B900027040 /* Debug */,
				4EF05B671C5F48B900027040 /* Release */,
			);
			defaultConfigurationIsVisible = 0;
		};
/* End XCConfigurationList section */
	};
	rootObject = 4EF05B4B1C5F48B900027040 /* Project object */;
}
