// !$*UTF8*$!
{
	archiveVersion = 1;
	classes = {
	};
	objectVersion = 46;
	objects = {

/* Begin PBXBuildFile section */
		4684732AEE47EE8A2D631D7B /* Pods_RadialActivityIndicatorTest.framework in Frameworks */ = {isa = PBXBuildFile; fileRef = 63FE7993801805A23469DC70 /* Pods_RadialActivityIndicatorTest.framework */; };
		4E97FB221C6398BF00DB3B08 /* AppDelegate.swift in Sources */ = {isa = PBXBuildFile; fileRef = 4E97FB211C6398BF00DB3B08 /* AppDelegate.swift */; };
		4E97FB241C6398BF00DB3B08 /* ViewController.swift in Sources */ = {isa = PBXBuildFile; fileRef = 4E97FB231C6398BF00DB3B08 /* ViewController.swift */; };
		4E97FB271C6398BF00DB3B08 /* Main.storyboard in Resources */ = {isa = PBXBuildFile; fileRef = 4E97FB251C6398BF00DB3B08 /* Main.storyboard */; };
		4E97FB291C6398BF00DB3B08 /* Assets.xcassets in Resources */ = {isa = PBXBuildFile; fileRef = 4E97FB281C6398BF00DB3B08 /* Assets.xcassets */; };
		4E97FB2C1C6398BF00DB3B08 /* LaunchScreen.storyboard in Resources */ = {isa = PBXBuildFile; fileRef = 4E97FB2A1C6398BF00DB3B08 /* LaunchScreen.storyboard */; };
/* End PBXBuildFile section */

/* Begin PBXFileReference section */
		4E97FB1E1C6398BF00DB3B08 /* RadialActivityIndicatorTest.app */ = {isa = PBXFileReference; explicitFileType = wrapper.application; includeInIndex = 0; path = RadialActivityIndicatorTest.app; sourceTree = BUILT_PRODUCTS_DIR; };
		4E97FB211C6398BF00DB3B08 /* AppDelegate.swift */ = {isa = PBXFileReference; lastKnownFileType = sourcecode.swift; path = AppDelegate.swift; sourceTree = "<group>"; };
		4E97FB231C6398BF00DB3B08 /* ViewController.swift */ = {isa = PBXFileReference; lastKnownFileType = sourcecode.swift; path = ViewController.swift; sourceTree = "<group>"; };
		4E97FB261C6398BF00DB3B08 /* Base */ = {isa = PBXFileReference; lastKnownFileType = file.storyboard; name = Base; path = Base.lproj/Main.storyboard; sourceTree = "<group>"; };
		4E97FB281C6398BF00DB3B08 /* Assets.xcassets */ = {isa = PBXFileReference; lastKnownFileType = folder.assetcatalog; path = Assets.xcassets; sourceTree = "<group>"; };
		4E97FB2B1C6398BF00DB3B08 /* Base */ = {isa = PBXFileReference; lastKnownFileType = file.storyboard; name = Base; path = Base.lproj/LaunchScreen.storyboard; sourceTree = "<group>"; };
		4E97FB2D1C6398BF00DB3B08 /* Info.plist */ = {isa = PBXFileReference; lastKnownFileType = text.plist.xml; path = Info.plist; sourceTree = "<group>"; };
		63FE7993801805A23469DC70 /* Pods_RadialActivityIndicatorTest.framework */ = {isa = PBXFileReference; explicitFileType = wrapper.framework; includeInIndex = 0; path = Pods_RadialActivityIndicatorTest.framework; sourceTree = BUILT_PRODUCTS_DIR; };
		64A9CA1FAEF4D4857D1CC39A /* Pods-RadialActivityIndicatorTest.debug.xcconfig */ = {isa = PBXFileReference; includeInIndex = 1; lastKnownFileType = text.xcconfig; name = "Pods-RadialActivityIndicatorTest.debug.xcconfig"; path = "Pods/Target Support Files/Pods-RadialActivityIndicatorTest/Pods-RadialActivityIndicatorTest.debug.xcconfig"; sourceTree = "<group>"; };
		8B0C5AE595ADA71724A7B648 /* Pods-RadialActivityIndicatorTest.release.xcconfig */ = {isa = PBXFileReference; includeInIndex = 1; lastKnownFileType = text.xcconfig; name = "Pods-RadialActivityIndicatorTest.release.xcconfig"; path = "Pods/Target Support Files/Pods-RadialActivityIndicatorTest/Pods-RadialActivityIndicatorTest.release.xcconfig"; sourceTree = "<group>"; };
/* End PBXFileReference section */

/* Begin PBXFrameworksBuildPhase section */
		4E97FB1B1C6398BF00DB3B08 /* Frameworks */ = {
			isa = PBXFrameworksBuildPhase;
			buildActionMask = 2147483647;
			files = (
				4684732AEE47EE8A2D631D7B /* Pods_RadialActivityIndicatorTest.framework in Frameworks */,
			);
			runOnlyForDeploymentPostprocessing = 0;
		};
/* End PBXFrameworksBuildPhase section */

/* Begin PBXGroup section */
		4E97FB151C6398BF00DB3B08 = {
			isa = PBXGroup;
			children = (
				4E97FB201C6398BF00DB3B08 /* RadialActivityIndicatorTest */,
				4E97FB1F1C6398BF00DB3B08 /* Products */,
				6182DE3E88FE66F44D03F75B /* Pods */,
				53470796CA48871F60255EAA /* Frameworks */,
			);
			sourceTree = "<group>";
		};
		4E97FB1F1C6398BF00DB3B08 /* Products */ = {
			isa = PBXGroup;
			children = (
				4E97FB1E1C6398BF00DB3B08 /* RadialActivityIndicatorTest.app */,
			);
			name = Products;
			sourceTree = "<group>";
		};
		4E97FB201C6398BF00DB3B08 /* RadialActivityIndicatorTest */ = {
			isa = PBXGroup;
			children = (
				4E97FB211C6398BF00DB3B08 /* AppDelegate.swift */,
				4E97FB231C6398BF00DB3B08 /* ViewController.swift */,
				4E97FB251C6398BF00DB3B08 /* Main.storyboard */,
				4E97FB281C6398BF00DB3B08 /* Assets.xcassets */,
				4E97FB2A1C6398BF00DB3B08 /* LaunchScreen.storyboard */,
				4E97FB2D1C6398BF00DB3B08 /* Info.plist */,
			);
			path = RadialActivityIndicatorTest;
			sourceTree = "<group>";
		};
		53470796CA48871F60255EAA /* Frameworks */ = {
			isa = PBXGroup;
			children = (
				63FE7993801805A23469DC70 /* Pods_RadialActivityIndicatorTest.framework */,
			);
			name = Frameworks;
			sourceTree = "<group>";
		};
		6182DE3E88FE66F44D03F75B /* Pods */ = {
			isa = PBXGroup;
			children = (
				64A9CA1FAEF4D4857D1CC39A /* Pods-RadialActivityIndicatorTest.debug.xcconfig */,
				8B0C5AE595ADA71724A7B648 /* Pods-RadialActivityIndicatorTest.release.xcconfig */,
			);
			name = Pods;
			sourceTree = "<group>";
		};
/* End PBXGroup section */

/* Begin PBXNativeTarget section */
		4E97FB1D1C6398BF00DB3B08 /* RadialActivityIndicatorTest */ = {
			isa = PBXNativeTarget;
			buildConfigurationList = 4E97FB301C6398BF00DB3B08 /* Build configuration list for PBXNativeTarget "RadialActivityIndicatorTest" */;
			buildPhases = (
				3FD59F0E74FB1EBC53ADA1C8 /* Check Pods Manifest.lock */,
				4E97FB1A1C6398BF00DB3B08 /* Sources */,
				4E97FB1B1C6398BF00DB3B08 /* Frameworks */,
				4E97FB1C1C6398BF00DB3B08 /* Resources */,
				DD311D6BCA194C5A6F45B1F1 /* Embed Pods Frameworks */,
				438634707295F15FCC10FA97 /* Copy Pods Resources */,
			);
			buildRules = (
			);
			dependencies = (
			);
			name = RadialActivityIndicatorTest;
			productName = RadialActivityIndicatorTest;
			productReference = 4E97FB1E1C6398BF00DB3B08 /* RadialActivityIndicatorTest.app */;
			productType = "com.apple.product-type.application";
		};
/* End PBXNativeTarget section */

/* Begin PBXProject section */
		4E97FB161C6398BF00DB3B08 /* Project object */ = {
			isa = PBXProject;
			attributes = {
				LastSwiftUpdateCheck = 0720;
				LastUpgradeCheck = 0720;
				ORGANIZATIONNAME = "Vladimir Milichenko";
				TargetAttributes = {
					4E97FB1D1C6398BF00DB3B08 = {
						CreatedOnToolsVersion = 7.2;
					};
				};
			};
			buildConfigurationList = 4E97FB191C6398BF00DB3B08 /* Build configuration list for PBXProject "RadialActivityIndicatorTest" */;
			compatibilityVersion = "Xcode 3.2";
			developmentRegion = English;
			hasScannedForEncodings = 0;
			knownRegions = (
				en,
				Base,
			);
			mainGroup = 4E97FB151C6398BF00DB3B08;
			productRefGroup = 4E97FB1F1C6398BF00DB3B08 /* Products */;
			projectDirPath = "";
			projectRoot = "";
			targets = (
				4E97FB1D1C6398BF00DB3B08 /* RadialActivityIndicatorTest */,
			);
		};
/* End PBXProject section */

/* Begin PBXResourcesBuildPhase section */
		4E97FB1C1C6398BF00DB3B08 /* Resources */ = {
			isa = PBXResourcesBuildPhase;
			buildActionMask = 2147483647;
			files = (
				4E97FB2C1C6398BF00DB3B08 /* LaunchScreen.storyboard in Resources */,
				4E97FB291C6398BF00DB3B08 /* Assets.xcassets in Resources */,
				4E97FB271C6398BF00DB3B08 /* Main.storyboard in Resources */,
			);
			runOnlyForDeploymentPostprocessing = 0;
		};
/* End PBXResourcesBuildPhase section */

/* Begin PBXShellScriptBuildPhase section */
		3FD59F0E74FB1EBC53ADA1C8 /* Check Pods Manifest.lock */ = {
			isa = PBXShellScriptBuildPhase;
			buildActionMask = 2147483647;
			files = (
			);
			inputPaths = (
			);
			name = "Check Pods Manifest.lock";
			outputPaths = (
			);
			runOnlyForDeploymentPostprocessing = 0;
			shellPath = /bin/sh;
			shellScript = "diff \"${PODS_ROOT}/../Podfile.lock\" \"${PODS_ROOT}/Manifest.lock\" > /dev/null\nif [[ $? != 0 ]] ; then\n    cat << EOM\nerror: The sandbox is not in sync with the Podfile.lock. Run 'pod install' or update your CocoaPods installation.\nEOM\n    exit 1\nfi\n";
			showEnvVarsInLog = 0;
		};
		438634707295F15FCC10FA97 /* Copy Pods Resources */ = {
			isa = PBXShellScriptBuildPhase;
			buildActionMask = 2147483647;
			files = (
			);
			inputPaths = (
			);
			name = "Copy Pods Resources";
			outputPaths = (
			);
			runOnlyForDeploymentPostprocessing = 0;
			shellPath = /bin/sh;
			shellScript = "\"${SRCROOT}/Pods/Target Support Files/Pods-RadialActivityIndicatorTest/Pods-RadialActivityIndicatorTest-resources.sh\"\n";
			showEnvVarsInLog = 0;
		};
		DD311D6BCA194C5A6F45B1F1 /* Embed Pods Frameworks */ = {
			isa = PBXShellScriptBuildPhase;
			buildActionMask = 2147483647;
			files = (
			);
			inputPaths = (
			);
			name = "Embed Pods Frameworks";
			outputPaths = (
			);
			runOnlyForDeploymentPostprocessing = 0;
			shellPath = /bin/sh;
			shellScript = "\"${SRCROOT}/Pods/Target Support Files/Pods-RadialActivityIndicatorTest/Pods-RadialActivityIndicatorTest-frameworks.sh\"\n";
			showEnvVarsInLog = 0;
		};
/* End PBXShellScriptBuildPhase section */

/* Begin PBXSourcesBuildPhase section */
		4E97FB1A1C6398BF00DB3B08 /* Sources */ = {
			isa = PBXSourcesBuildPhase;
			buildActionMask = 2147483647;
			files = (
				4E97FB241C6398BF00DB3B08 /* ViewController.swift in Sources */,
				4E97FB221C6398BF00DB3B08 /* AppDelegate.swift in Sources */,
			);
			runOnlyForDeploymentPostprocessing = 0;
		};
/* End PBXSourcesBuildPhase section */

/* Begin PBXVariantGroup section */
		4E97FB251C6398BF00DB3B08 /* Main.storyboard */ = {
			isa = PBXVariantGroup;
			children = (
				4E97FB261C6398BF00DB3B08 /* Base */,
			);
			name = Main.storyboard;
			sourceTree = "<group>";
		};
		4E97FB2A1C6398BF00DB3B08 /* LaunchScreen.storyboard */ = {
			isa = PBXVariantGroup;
			children = (
				4E97FB2B1C6398BF00DB3B08 /* Base */,
			);
			name = LaunchScreen.storyboard;
			sourceTree = "<group>";
		};
/* End PBXVariantGroup section */

/* Begin XCBuildConfiguration section */
		4E97FB2E1C6398BF00DB3B08 /* Debug */ = {
			isa = XCBuildConfiguration;
			buildSettings = {
				ALWAYS_SEARCH_USER_PATHS = NO;
				CLANG_CXX_LANGUAGE_STANDARD = "gnu++0x";
				CLANG_CXX_LIBRARY = "libc++";
				CLANG_ENABLE_MODULES = YES;
				CLANG_ENABLE_OBJC_ARC = YES;
				CLANG_WARN_BOOL_CONVERSION = YES;
				CLANG_WARN_CONSTANT_CONVERSION = YES;
				CLANG_WARN_DIRECT_OBJC_ISA_USAGE = YES_ERROR;
				CLANG_WARN_EMPTY_BODY = YES;
				CLANG_WARN_ENUM_CONVERSION = YES;
				CLANG_WARN_INT_CONVERSION = YES;
				CLANG_WARN_OBJC_ROOT_CLASS = YES_ERROR;
				CLANG_WARN_UNREACHABLE_CODE = YES;
				CLANG_WARN__DUPLICATE_METHOD_MATCH = YES;
				"CODE_SIGN_IDENTITY[sdk=iphoneos*]" = "iPhone Developer";
				COPY_PHASE_STRIP = NO;
				DEBUG_INFORMATION_FORMAT = dwarf;
				ENABLE_STRICT_OBJC_MSGSEND = YES;
				ENABLE_TESTABILITY = YES;
				GCC_C_LANGUAGE_STANDARD = gnu99;
				GCC_DYNAMIC_NO_PIC = NO;
				GCC_NO_COMMON_BLOCKS = YES;
				GCC_OPTIMIZATION_LEVEL = 0;
				GCC_PREPROCESSOR_DEFINITIONS = (
					"DEBUG=1",
					"$(inherited)",
				);
				GCC_WARN_64_TO_32_BIT_CONVERSION = YES;
				GCC_WARN_ABOUT_RETURN_TYPE = YES_ERROR;
				GCC_WARN_UNDECLARED_SELECTOR = YES;
				GCC_WARN_UNINITIALIZED_AUTOS = YES_AGGRESSIVE;
				GCC_WARN_UNUSED_FUNCTION = YES;
				GCC_WARN_UNUSED_VARIABLE = YES;
				IPHONEOS_DEPLOYMENT_TARGET = 9.2;
				MTL_ENABLE_DEBUG_INFO = YES;
				ONLY_ACTIVE_ARCH = YES;
				SDKROOT = iphoneos;
				SWIFT_OPTIMIZATION_LEVEL = "-Onone";
			};
			name = Debug;
		};
		4E97FB2F1C6398BF00DB3B08 /* Release */ = {
			isa = XCBuildConfiguration;
			buildSettings = {
				ALWAYS_SEARCH_USER_PATHS = NO;
				CLANG_CXX_LANGUAGE_STANDARD = "gnu++0x";
				CLANG_CXX_LIBRARY = "libc++";
				CLANG_ENABLE_MODULES = YES;
				CLANG_ENABLE_OBJC_ARC = YES;
				CLANG_WARN_BOOL_CONVERSION = YES;
				CLANG_WARN_CONSTANT_CONVERSION = YES;
				CLANG_WARN_DIRECT_OBJC_ISA_USAGE = YES_ERROR;
				CLANG_WARN_EMPTY_BODY = YES;
				CLANG_WARN_ENUM_CONVERSION = YES;
				CLANG_WARN_INT_CONVERSION = YES;
				CLANG_WARN_OBJC_ROOT_CLASS = YES_ERROR;
				CLANG_WARN_UNREACHABLE_CODE = YES;
				CLANG_WARN__DUPLICATE_METHOD_MATCH = YES;
				"CODE_SIGN_IDENTITY[sdk=iphoneos*]" = "iPhone Developer";
				COPY_PHASE_STRIP = NO;
				DEBUG_INFORMATION_FORMAT = "dwarf-with-dsym";
				ENABLE_NS_ASSERTIONS = NO;
				ENABLE_STRICT_OBJC_MSGSEND = YES;
				GCC_C_LANGUAGE_STANDARD = gnu99;
				GCC_NO_COMMON_BLOCKS = YES;
				GCC_WARN_64_TO_32_BIT_CONVERSION = YES;
				GCC_WARN_ABOUT_RETURN_TYPE = YES_ERROR;
				GCC_WARN_UNDECLARED_SELECTOR = YES;
				GCC_WARN_UNINITIALIZED_AUTOS = YES_AGGRESSIVE;
				GCC_WARN_UNUSED_FUNCTION = YES;
				GCC_WARN_UNUSED_VARIABLE = YES;
				IPHONEOS_DEPLOYMENT_TARGET = 9.2;
				MTL_ENABLE_DEBUG_INFO = NO;
				SDKROOT = iphoneos;
				VALIDATE_PRODUCT = YES;
			};
			name = Release;
		};
		4E97FB311C6398BF00DB3B08 /* Debug */ = {
			isa = XCBuildConfiguration;
			baseConfigurationReference = 64A9CA1FAEF4D4857D1CC39A /* Pods-RadialActivityIndicatorTest.debug.xcconfig */;
			buildSettings = {
				ASSETCATALOG_COMPILER_APPICON_NAME = AppIcon;
				INFOPLIST_FILE = RadialActivityIndicatorTest/Info.plist;
				LD_RUNPATH_SEARCH_PATHS = "$(inherited) @executable_path/Frameworks";
				PRODUCT_BUNDLE_IDENTIFIER = com.vladimirmilichenko.RadialActivityIndicatorTest;
				PRODUCT_NAME = "$(TARGET_NAME)";
			};
			name = Debug;
		};
		4E97FB321C6398BF00DB3B08 /* Release */ = {
			isa = XCBuildConfiguration;
			baseConfigurationReference = 8B0C5AE595ADA71724A7B648 /* Pods-RadialActivityIndicatorTest.release.xcconfig */;
			buildSettings = {
				ASSETCATALOG_COMPILER_APPICON_NAME = AppIcon;
				INFOPLIST_FILE = RadialActivityIndicatorTest/Info.plist;
				LD_RUNPATH_SEARCH_PATHS = "$(inherited) @executable_path/Frameworks";
				PRODUCT_BUNDLE_IDENTIFIER = com.vladimirmilichenko.RadialActivityIndicatorTest;
				PRODUCT_NAME = "$(TARGET_NAME)";
			};
			name = Release;
		};
/* End XCBuildConfiguration section */

/* Begin XCConfigurationList section */
		4E97FB191C6398BF00DB3B08 /* Build configuration list for PBXProject "RadialActivityIndicatorTest" */ = {
			isa = XCConfigurationList;
			buildConfigurations = (
				4E97FB2E1C6398BF00DB3B08 /* Debug */,
				4E97FB2F1C6398BF00DB3B08 /* Release */,
			);
			defaultConfigurationIsVisible = 0;
			defaultConfigurationName = Release;
		};
		4E97FB301C6398BF00DB3B08 /* Build configuration list for PBXNativeTarget "RadialActivityIndicatorTest" */ = {
			isa = XCConfigurationList;
			buildConfigurations = (
				4E97FB311C6398BF00DB3B08 /* Debug */,
				4E97FB321C6398BF00DB3B08 /* Release */,
			);
			defaultConfigurationIsVisible = 0;
			defaultConfigurationName = Release;
		};
/* End XCConfigurationList section */
	};
	rootObject = 4E97FB161C6398BF00DB3B08 /* Project object */;
}
